
Microsoft Visual Studio Solution File, Format Version 12.00
# Visual Studio 15
VisualStudioVersion = 15.0.28307.779
MinimumVisualStudioVersion = 10.0.40219.1
Project("{FAE04EC0-301F-11D3-BF4B-00C04F79EFBC}") = "swapw", "swapw.csproj", "{FC4DEB8D-6721-4838-A8D5-92F9CEBBA56B}"
EndProject
Global
	GlobalSection(SolutionConfigurationPlatforms) = preSolution
		Debug|Any CPU = Debug|Any CPU
		Release|Any CPU = Release|Any CPU
	EndGlobalSection
	GlobalSection(ProjectConfigurationPlatforms) = postSolution
		{FC4DEB8D-6721-4838-A8D5-92F9CEBBA56B}.Debug|Any CPU.ActiveCfg = Debug|Any CPU
		{FC4DEB8D-6721-4838-A8D5-92F9CEBBA56B}.Debug|Any CPU.Build.0 = Debug|Any CPU
		{FC4DEB8D-6721-4838-A8D5-92F9CEBBA56B}.Release|Any CPU.ActiveCfg = Release|Any CPU
		{FC4DEB8D-6721-4838-A8D5-92F9CEBBA56B}.Release|Any CPU.Build.0 = Release|Any CPU
	EndGlobalSection
	GlobalSection(SolutionProperties) = preSolution
		HideSolutionNode = FALSE
	EndGlobalSection
	GlobalSection(ExtensibilityGlobals) = postSolution
		SolutionGuid = {7FB7FD01-07DB-49DF-8203-7632F1A0C3FA}
	EndGlobalSection
EndGlobal
