
Microsoft Visual Studio Solution File, Format Version 12.00
# Visual Studio 15
VisualStudioVersion = 15.0.28307.779
MinimumVisualStudioVersion = 10.0.40219.1
Project("{FAE04EC0-301F-11D3-BF4B-00C04F79EFBC}") = "dehexdump", "dehexdump\dehexdump.csproj", "{0D9B2FFE-7253-4516-BD94-8CC7759B9283}"
EndProject
Project("{FAE04EC0-301F-11D3-BF4B-00C04F79EFBC}") = "UnitTests", "UnitTests\UnitTests.csproj", "{1EF6BF64-FE08-41B4-80A8-40515EEE32CD}"
EndProject
Global
	GlobalSection(SolutionConfigurationPlatforms) = preSolution
		Debug|Any CPU = Debug|Any CPU
		Release|Any CPU = Release|Any CPU
	EndGlobalSection
	GlobalSection(ProjectConfigurationPlatforms) = postSolution
		{0D9B2FFE-7253-4516-BD94-8CC7759B9283}.Debug|Any CPU.ActiveCfg = Debug|Any CPU
		{0D9B2FFE-7253-4516-BD94-8CC7759B9283}.Debug|Any CPU.Build.0 = Debug|Any CPU
		{0D9B2FFE-7253-4516-BD94-8CC7759B9283}.Release|Any CPU.ActiveCfg = Release|Any CPU
		{0D9B2FFE-7253-4516-BD94-8CC7759B9283}.Release|Any CPU.Build.0 = Release|Any CPU
		{1EF6BF64-FE08-41B4-80A8-40515EEE32CD}.Debug|Any CPU.ActiveCfg = Debug|Any CPU
		{1EF6BF64-FE08-41B4-80A8-40515EEE32CD}.Debug|Any CPU.Build.0 = Debug|Any CPU
		{1EF6BF64-FE08-41B4-80A8-40515EEE32CD}.Release|Any CPU.ActiveCfg = Release|Any CPU
		{1EF6BF64-FE08-41B4-80A8-40515EEE32CD}.Release|Any CPU.Build.0 = Release|Any CPU
	EndGlobalSection
	GlobalSection(SolutionProperties) = preSolution
		HideSolutionNode = FALSE
	EndGlobalSection
	GlobalSection(ExtensibilityGlobals) = postSolution
		SolutionGuid = {2A6AEED3-BFBF-442D-AA09-5926DD3854F4}
	EndGlobalSection
EndGlobal
