
Microsoft Visual Studio Solution File, Format Version 12.00
# Visual Studio Version 17
VisualStudioVersion = 17.0.32112.339
MinimumVisualStudioVersion = 10.0.40219.1
Project("{2150E333-8FDC-42A3-9474-1A3956D46DE8}") = "batch", "batch", "{895EA267-8361-4370-A7FD-505CF320EA03}"
EndProject
Project("{FAE04EC0-301F-11D3-BF4B-00C04F79EFBC}") = "batch", "batch\batch\batch.csproj", "{2EED9141-30F2-4C4B-88BD-3F8E2301DE3C}"
EndProject
Project("{9A19103F-16F7-4668-BE54-9A1E7A4F7556}") = "Benchmarks", "Benchmarks\Benchmarks.csproj", "{CD015475-6786-4F04-969A-961BA2F7981B}"
EndProject
Project("{9A19103F-16F7-4668-BE54-9A1E7A4F7556}") = "chunks", "chunks\chunks.csproj", "{3E1A787D-123D-4B2C-8295-77208B4E8E2C}"
EndProject
Project("{2150E333-8FDC-42A3-9474-1A3956D46DE8}") = "dehexdump", "dehexdump", "{6EED4B71-8E77-4A7E-8AA3-F2FEC1394F1A}"
EndProject
Project("{9A19103F-16F7-4668-BE54-9A1E7A4F7556}") = "dehexdump", "dehexdump\dehexdump\dehexdump.csproj", "{98BBEA46-B506-4584-BC8F-DEBDD4227E90}"
EndProject
Project("{FAE04EC0-301F-11D3-BF4B-00C04F79EFBC}") = "LLVMTestsConverter", "LLVMTestsConverter\LLVMTestsConverter.csproj", "{7E9A293E-A73D-406B-B5EF-CED4EC1B9446}"
EndProject
Project("{2150E333-8FDC-42A3-9474-1A3956D46DE8}") = "parallel", "parallel", "{0F4502A5-A543-493B-A4CE-88E2D3849407}"
EndProject
Project("{9A19103F-16F7-4668-BE54-9A1E7A4F7556}") = "parallel-scan", "parallel\Scanner\parallel-scan.csproj", "{EE3FC0EC-3588-4E4E-843E-2F45E5CD1E9F}"
EndProject
Project("{9A19103F-16F7-4668-BE54-9A1E7A4F7556}") = "UnitTests", "parallel\UnitTests\UnitTests.csproj", "{77817F7D-B2AA-4030-B894-A229C5653523}"
EndProject
Project("{2150E333-8FDC-42A3-9474-1A3956D46DE8}") = "RekoSifter", "RekoSifter", "{67FF218E-44C4-4046-B328-8647B0A3E902}"
EndProject
Project("{9A19103F-16F7-4668-BE54-9A1E7A4F7556}") = "bindings", "RekoSifter\bindings\bindings.csproj", "{0C03B197-56C1-4ED9-9944-6DE01B9EEAB4}"
EndProject
Project("{9A19103F-16F7-4668-BE54-9A1E7A4F7556}") = "RekoSifter", "RekoSifter\RekoSifter\RekoSifter.csproj", "{2FB62BA0-7CCF-4BBD-9F2E-61AD7CE3F4EA}"
EndProject
Project("{9A19103F-16F7-4668-BE54-9A1E7A4F7556}") = "swapw", "swapw\swapw.csproj", "{0AFE4D75-F348-4F48-86C1-DCFACD219AD5}"
EndProject
Project("{9A19103F-16F7-4668-BE54-9A1E7A4F7556}") = "x86opcodes", "x86opcodes\x86opcodes.csproj", "{A3570262-199D-4A6F-BC87-7A453BB44E0C}"
EndProject
Project("{9A19103F-16F7-4668-BE54-9A1E7A4F7556}") = "prologs", "prologs\prologs.csproj", "{FEF17B77-88A1-4B09-A066-E530A4D26464}"
EndProject
Project("{2150E333-8FDC-42A3-9474-1A3956D46DE8}") = "rekodb", "rekodb", "{371BE445-E62A-40AC-AF6A-CD16779EFD41}"
EndProject
Project("{9A19103F-16F7-4668-BE54-9A1E7A4F7556}") = "rekodb", "rekodb\rekodb\rekodb.csproj", "{96A2E746-40DB-4277-8825-33C7A05F78C8}"
EndProject
Project("{9A19103F-16F7-4668-BE54-9A1E7A4F7556}") = "UnitTests", "rekodb\UnitTests\UnitTests.csproj", "{07C82F18-1196-463E-A7EE-E07046C79D32}"
EndProject
Global
	GlobalSection(SolutionConfigurationPlatforms) = preSolution
		Debug|Any CPU = Debug|Any CPU
		Debug|x64 = Debug|x64
		Debug|x86 = Debug|x86
		Release|Any CPU = Release|Any CPU
		Release|x64 = Release|x64
		Release|x86 = Release|x86
	EndGlobalSection
	GlobalSection(ProjectConfigurationPlatforms) = postSolution
		{2EED9141-30F2-4C4B-88BD-3F8E2301DE3C}.Debug|Any CPU.ActiveCfg = Debug|Any CPU
		{2EED9141-30F2-4C4B-88BD-3F8E2301DE3C}.Debug|Any CPU.Build.0 = Debug|Any CPU
		{2EED9141-30F2-4C4B-88BD-3F8E2301DE3C}.Debug|x64.ActiveCfg = Debug|Any CPU
		{2EED9141-30F2-4C4B-88BD-3F8E2301DE3C}.Debug|x64.Build.0 = Debug|Any CPU
		{2EED9141-30F2-4C4B-88BD-3F8E2301DE3C}.Debug|x86.ActiveCfg = Debug|Any CPU
		{2EED9141-30F2-4C4B-88BD-3F8E2301DE3C}.Debug|x86.Build.0 = Debug|Any CPU
		{2EED9141-30F2-4C4B-88BD-3F8E2301DE3C}.Release|Any CPU.ActiveCfg = Debug|Any CPU
		{2EED9141-30F2-4C4B-88BD-3F8E2301DE3C}.Release|Any CPU.Build.0 = Debug|Any CPU
		{2EED9141-30F2-4C4B-88BD-3F8E2301DE3C}.Release|x64.ActiveCfg = Debug|Any CPU
		{2EED9141-30F2-4C4B-88BD-3F8E2301DE3C}.Release|x64.Build.0 = Debug|Any CPU
		{2EED9141-30F2-4C4B-88BD-3F8E2301DE3C}.Release|x86.ActiveCfg = Debug|Any CPU
		{2EED9141-30F2-4C4B-88BD-3F8E2301DE3C}.Release|x86.Build.0 = Debug|Any CPU
		{CD015475-6786-4F04-969A-961BA2F7981B}.Debug|Any CPU.ActiveCfg = Debug|Any CPU
		{CD015475-6786-4F04-969A-961BA2F7981B}.Debug|Any CPU.Build.0 = Debug|Any CPU
		{CD015475-6786-4F04-969A-961BA2F7981B}.Debug|x64.ActiveCfg = Debug|Any CPU
		{CD015475-6786-4F04-969A-961BA2F7981B}.Debug|x64.Build.0 = Debug|Any CPU
		{CD015475-6786-4F04-969A-961BA2F7981B}.Debug|x86.ActiveCfg = Debug|Any CPU
		{CD015475-6786-4F04-969A-961BA2F7981B}.Debug|x86.Build.0 = Debug|Any CPU
		{CD015475-6786-4F04-969A-961BA2F7981B}.Release|Any CPU.ActiveCfg = Release|Any CPU
		{CD015475-6786-4F04-969A-961BA2F7981B}.Release|Any CPU.Build.0 = Release|Any CPU
		{CD015475-6786-4F04-969A-961BA2F7981B}.Release|x64.ActiveCfg = Release|Any CPU
		{CD015475-6786-4F04-969A-961BA2F7981B}.Release|x64.Build.0 = Release|Any CPU
		{CD015475-6786-4F04-969A-961BA2F7981B}.Release|x86.ActiveCfg = Release|Any CPU
		{CD015475-6786-4F04-969A-961BA2F7981B}.Release|x86.Build.0 = Release|Any CPU
		{3E1A787D-123D-4B2C-8295-77208B4E8E2C}.Debug|Any CPU.ActiveCfg = Debug|Any CPU
		{3E1A787D-123D-4B2C-8295-77208B4E8E2C}.Debug|Any CPU.Build.0 = Debug|Any CPU
		{3E1A787D-123D-4B2C-8295-77208B4E8E2C}.Debug|x64.ActiveCfg = Debug|Any CPU
		{3E1A787D-123D-4B2C-8295-77208B4E8E2C}.Debug|x64.Build.0 = Debug|Any CPU
		{3E1A787D-123D-4B2C-8295-77208B4E8E2C}.Debug|x86.ActiveCfg = Debug|Any CPU
		{3E1A787D-123D-4B2C-8295-77208B4E8E2C}.Debug|x86.Build.0 = Debug|Any CPU
		{3E1A787D-123D-4B2C-8295-77208B4E8E2C}.Release|Any CPU.ActiveCfg = Release|Any CPU
		{3E1A787D-123D-4B2C-8295-77208B4E8E2C}.Release|Any CPU.Build.0 = Release|Any CPU
		{3E1A787D-123D-4B2C-8295-77208B4E8E2C}.Release|x64.ActiveCfg = Release|Any CPU
		{3E1A787D-123D-4B2C-8295-77208B4E8E2C}.Release|x64.Build.0 = Release|Any CPU
		{3E1A787D-123D-4B2C-8295-77208B4E8E2C}.Release|x86.ActiveCfg = Release|Any CPU
		{3E1A787D-123D-4B2C-8295-77208B4E8E2C}.Release|x86.Build.0 = Release|Any CPU
		{98BBEA46-B506-4584-BC8F-DEBDD4227E90}.Debug|Any CPU.ActiveCfg = Debug|Any CPU
		{98BBEA46-B506-4584-BC8F-DEBDD4227E90}.Debug|Any CPU.Build.0 = Debug|Any CPU
		{98BBEA46-B506-4584-BC8F-DEBDD4227E90}.Debug|x64.ActiveCfg = Debug|Any CPU
		{98BBEA46-B506-4584-BC8F-DEBDD4227E90}.Debug|x64.Build.0 = Debug|Any CPU
		{98BBEA46-B506-4584-BC8F-DEBDD4227E90}.Debug|x86.ActiveCfg = Debug|Any CPU
		{98BBEA46-B506-4584-BC8F-DEBDD4227E90}.Debug|x86.Build.0 = Debug|Any CPU
		{98BBEA46-B506-4584-BC8F-DEBDD4227E90}.Release|Any CPU.ActiveCfg = Release|Any CPU
		{98BBEA46-B506-4584-BC8F-DEBDD4227E90}.Release|Any CPU.Build.0 = Release|Any CPU
		{98BBEA46-B506-4584-BC8F-DEBDD4227E90}.Release|x64.ActiveCfg = Release|Any CPU
		{98BBEA46-B506-4584-BC8F-DEBDD4227E90}.Release|x64.Build.0 = Release|Any CPU
		{98BBEA46-B506-4584-BC8F-DEBDD4227E90}.Release|x86.ActiveCfg = Release|Any CPU
		{98BBEA46-B506-4584-BC8F-DEBDD4227E90}.Release|x86.Build.0 = Release|Any CPU
		{7E9A293E-A73D-406B-B5EF-CED4EC1B9446}.Debug|Any CPU.ActiveCfg = Debug|Any CPU
		{7E9A293E-A73D-406B-B5EF-CED4EC1B9446}.Debug|Any CPU.Build.0 = Debug|Any CPU
		{7E9A293E-A73D-406B-B5EF-CED4EC1B9446}.Debug|x64.ActiveCfg = Debug|Any CPU
		{7E9A293E-A73D-406B-B5EF-CED4EC1B9446}.Debug|x64.Build.0 = Debug|Any CPU
		{7E9A293E-A73D-406B-B5EF-CED4EC1B9446}.Debug|x86.ActiveCfg = Debug|Any CPU
		{7E9A293E-A73D-406B-B5EF-CED4EC1B9446}.Debug|x86.Build.0 = Debug|Any CPU
		{7E9A293E-A73D-406B-B5EF-CED4EC1B9446}.Release|Any CPU.ActiveCfg = Debug|Any CPU
		{7E9A293E-A73D-406B-B5EF-CED4EC1B9446}.Release|Any CPU.Build.0 = Debug|Any CPU
		{7E9A293E-A73D-406B-B5EF-CED4EC1B9446}.Release|x64.ActiveCfg = Debug|Any CPU
		{7E9A293E-A73D-406B-B5EF-CED4EC1B9446}.Release|x64.Build.0 = Debug|Any CPU
		{7E9A293E-A73D-406B-B5EF-CED4EC1B9446}.Release|x86.ActiveCfg = Debug|Any CPU
		{7E9A293E-A73D-406B-B5EF-CED4EC1B9446}.Release|x86.Build.0 = Debug|Any CPU
		{EE3FC0EC-3588-4E4E-843E-2F45E5CD1E9F}.Debug|Any CPU.ActiveCfg = Debug|Any CPU
		{EE3FC0EC-3588-4E4E-843E-2F45E5CD1E9F}.Debug|Any CPU.Build.0 = Debug|Any CPU
		{EE3FC0EC-3588-4E4E-843E-2F45E5CD1E9F}.Debug|x64.ActiveCfg = Debug|Any CPU
		{EE3FC0EC-3588-4E4E-843E-2F45E5CD1E9F}.Debug|x64.Build.0 = Debug|Any CPU
		{EE3FC0EC-3588-4E4E-843E-2F45E5CD1E9F}.Debug|x86.ActiveCfg = Debug|Any CPU
		{EE3FC0EC-3588-4E4E-843E-2F45E5CD1E9F}.Debug|x86.Build.0 = Debug|Any CPU
		{EE3FC0EC-3588-4E4E-843E-2F45E5CD1E9F}.Release|Any CPU.ActiveCfg = Release|Any CPU
		{EE3FC0EC-3588-4E4E-843E-2F45E5CD1E9F}.Release|Any CPU.Build.0 = Release|Any CPU
		{EE3FC0EC-3588-4E4E-843E-2F45E5CD1E9F}.Release|x64.ActiveCfg = Release|Any CPU
		{EE3FC0EC-3588-4E4E-843E-2F45E5CD1E9F}.Release|x64.Build.0 = Release|Any CPU
		{EE3FC0EC-3588-4E4E-843E-2F45E5CD1E9F}.Release|x86.ActiveCfg = Release|Any CPU
		{EE3FC0EC-3588-4E4E-843E-2F45E5CD1E9F}.Release|x86.Build.0 = Release|Any CPU
		{77817F7D-B2AA-4030-B894-A229C5653523}.Debug|Any CPU.ActiveCfg = Debug|Any CPU
		{77817F7D-B2AA-4030-B894-A229C5653523}.Debug|Any CPU.Build.0 = Debug|Any CPU
		{77817F7D-B2AA-4030-B894-A229C5653523}.Debug|x64.ActiveCfg = Debug|Any CPU
		{77817F7D-B2AA-4030-B894-A229C5653523}.Debug|x64.Build.0 = Debug|Any CPU
		{77817F7D-B2AA-4030-B894-A229C5653523}.Debug|x86.ActiveCfg = Debug|Any CPU
		{77817F7D-B2AA-4030-B894-A229C5653523}.Debug|x86.Build.0 = Debug|Any CPU
		{77817F7D-B2AA-4030-B894-A229C5653523}.Release|Any CPU.ActiveCfg = Release|Any CPU
		{77817F7D-B2AA-4030-B894-A229C5653523}.Release|Any CPU.Build.0 = Release|Any CPU
		{77817F7D-B2AA-4030-B894-A229C5653523}.Release|x64.ActiveCfg = Release|Any CPU
		{77817F7D-B2AA-4030-B894-A229C5653523}.Release|x64.Build.0 = Release|Any CPU
		{77817F7D-B2AA-4030-B894-A229C5653523}.Release|x86.ActiveCfg = Release|Any CPU
		{77817F7D-B2AA-4030-B894-A229C5653523}.Release|x86.Build.0 = Release|Any CPU
		{0C03B197-56C1-4ED9-9944-6DE01B9EEAB4}.Debug|Any CPU.ActiveCfg = Debug|Any CPU
		{0C03B197-56C1-4ED9-9944-6DE01B9EEAB4}.Debug|Any CPU.Build.0 = Debug|Any CPU
		{0C03B197-56C1-4ED9-9944-6DE01B9EEAB4}.Debug|x64.ActiveCfg = Debug|x64
		{0C03B197-56C1-4ED9-9944-6DE01B9EEAB4}.Debug|x64.Build.0 = Debug|x64
		{0C03B197-56C1-4ED9-9944-6DE01B9EEAB4}.Debug|x86.ActiveCfg = Debug|x86
		{0C03B197-56C1-4ED9-9944-6DE01B9EEAB4}.Debug|x86.Build.0 = Debug|x86
		{0C03B197-56C1-4ED9-9944-6DE01B9EEAB4}.Release|Any CPU.ActiveCfg = Release|Any CPU
		{0C03B197-56C1-4ED9-9944-6DE01B9EEAB4}.Release|Any CPU.Build.0 = Release|Any CPU
		{0C03B197-56C1-4ED9-9944-6DE01B9EEAB4}.Release|x64.ActiveCfg = Release|x64
		{0C03B197-56C1-4ED9-9944-6DE01B9EEAB4}.Release|x64.Build.0 = Release|x64
		{0C03B197-56C1-4ED9-9944-6DE01B9EEAB4}.Release|x86.ActiveCfg = Release|x86
		{0C03B197-56C1-4ED9-9944-6DE01B9EEAB4}.Release|x86.Build.0 = Release|x86
		{2FB62BA0-7CCF-4BBD-9F2E-61AD7CE3F4EA}.Debug|Any CPU.ActiveCfg = Debug|Any CPU
		{2FB62BA0-7CCF-4BBD-9F2E-61AD7CE3F4EA}.Debug|Any CPU.Build.0 = Debug|Any CPU
		{2FB62BA0-7CCF-4BBD-9F2E-61AD7CE3F4EA}.Debug|x64.ActiveCfg = Debug|x64
		{2FB62BA0-7CCF-4BBD-9F2E-61AD7CE3F4EA}.Debug|x64.Build.0 = Debug|x64
		{2FB62BA0-7CCF-4BBD-9F2E-61AD7CE3F4EA}.Debug|x86.ActiveCfg = Debug|x86
		{2FB62BA0-7CCF-4BBD-9F2E-61AD7CE3F4EA}.Debug|x86.Build.0 = Debug|x86
		{2FB62BA0-7CCF-4BBD-9F2E-61AD7CE3F4EA}.Release|Any CPU.ActiveCfg = Release|Any CPU
		{2FB62BA0-7CCF-4BBD-9F2E-61AD7CE3F4EA}.Release|Any CPU.Build.0 = Release|Any CPU
		{2FB62BA0-7CCF-4BBD-9F2E-61AD7CE3F4EA}.Release|x64.ActiveCfg = Release|x64
		{2FB62BA0-7CCF-4BBD-9F2E-61AD7CE3F4EA}.Release|x64.Build.0 = Release|x64
		{2FB62BA0-7CCF-4BBD-9F2E-61AD7CE3F4EA}.Release|x86.ActiveCfg = Release|x86
		{2FB62BA0-7CCF-4BBD-9F2E-61AD7CE3F4EA}.Release|x86.Build.0 = Release|x86
		{0AFE4D75-F348-4F48-86C1-DCFACD219AD5}.Debug|Any CPU.ActiveCfg = Debug|Any CPU
		{0AFE4D75-F348-4F48-86C1-DCFACD219AD5}.Debug|Any CPU.Build.0 = Debug|Any CPU
		{0AFE4D75-F348-4F48-86C1-DCFACD219AD5}.Debug|x64.ActiveCfg = Debug|Any CPU
		{0AFE4D75-F348-4F48-86C1-DCFACD219AD5}.Debug|x64.Build.0 = Debug|Any CPU
		{0AFE4D75-F348-4F48-86C1-DCFACD219AD5}.Debug|x86.ActiveCfg = Debug|Any CPU
		{0AFE4D75-F348-4F48-86C1-DCFACD219AD5}.Debug|x86.Build.0 = Debug|Any CPU
		{0AFE4D75-F348-4F48-86C1-DCFACD219AD5}.Release|Any CPU.ActiveCfg = Release|Any CPU
		{0AFE4D75-F348-4F48-86C1-DCFACD219AD5}.Release|Any CPU.Build.0 = Release|Any CPU
		{0AFE4D75-F348-4F48-86C1-DCFACD219AD5}.Release|x64.ActiveCfg = Release|Any CPU
		{0AFE4D75-F348-4F48-86C1-DCFACD219AD5}.Release|x64.Build.0 = Release|Any CPU
		{0AFE4D75-F348-4F48-86C1-DCFACD219AD5}.Release|x86.ActiveCfg = Release|Any CPU
		{0AFE4D75-F348-4F48-86C1-DCFACD219AD5}.Release|x86.Build.0 = Release|Any CPU
		{A3570262-199D-4A6F-BC87-7A453BB44E0C}.Debug|Any CPU.ActiveCfg = Debug|Any CPU
		{A3570262-199D-4A6F-BC87-7A453BB44E0C}.Debug|Any CPU.Build.0 = Debug|Any CPU
		{A3570262-199D-4A6F-BC87-7A453BB44E0C}.Debug|x64.ActiveCfg = Debug|Any CPU
		{A3570262-199D-4A6F-BC87-7A453BB44E0C}.Debug|x64.Build.0 = Debug|Any CPU
		{A3570262-199D-4A6F-BC87-7A453BB44E0C}.Debug|x86.ActiveCfg = Debug|Any CPU
		{A3570262-199D-4A6F-BC87-7A453BB44E0C}.Debug|x86.Build.0 = Debug|Any CPU
		{A3570262-199D-4A6F-BC87-7A453BB44E0C}.Release|Any CPU.ActiveCfg = Release|Any CPU
		{A3570262-199D-4A6F-BC87-7A453BB44E0C}.Release|Any CPU.Build.0 = Release|Any CPU
		{A3570262-199D-4A6F-BC87-7A453BB44E0C}.Release|x64.ActiveCfg = Release|Any CPU
		{A3570262-199D-4A6F-BC87-7A453BB44E0C}.Release|x64.Build.0 = Release|Any CPU
		{A3570262-199D-4A6F-BC87-7A453BB44E0C}.Release|x86.ActiveCfg = Release|Any CPU
		{A3570262-199D-4A6F-BC87-7A453BB44E0C}.Release|x86.Build.0 = Release|Any CPU
		{FEF17B77-88A1-4B09-A066-E530A4D26464}.Debug|Any CPU.ActiveCfg = Debug|Any CPU
		{FEF17B77-88A1-4B09-A066-E530A4D26464}.Debug|Any CPU.Build.0 = Debug|Any CPU
		{FEF17B77-88A1-4B09-A066-E530A4D26464}.Debug|x64.ActiveCfg = Debug|Any CPU
		{FEF17B77-88A1-4B09-A066-E530A4D26464}.Debug|x86.ActiveCfg = Debug|Any CPU
		{FEF17B77-88A1-4B09-A066-E530A4D26464}.Debug|x86.Build.0 = Debug|Any CPU
		{FEF17B77-88A1-4B09-A066-E530A4D26464}.Release|Any CPU.ActiveCfg = Release|Any CPU
		{FEF17B77-88A1-4B09-A066-E530A4D26464}.Release|Any CPU.Build.0 = Release|Any CPU
		{FEF17B77-88A1-4B09-A066-E530A4D26464}.Release|x64.ActiveCfg = Release|Any CPU
		{FEF17B77-88A1-4B09-A066-E530A4D26464}.Release|x86.ActiveCfg = Release|Any CPU
		{FEF17B77-88A1-4B09-A066-E530A4D26464}.Release|x86.Build.0 = Release|Any CPU
		{96A2E746-40DB-4277-8825-33C7A05F78C8}.Debug|Any CPU.ActiveCfg = Debug|Any CPU
		{96A2E746-40DB-4277-8825-33C7A05F78C8}.Debug|Any CPU.Build.0 = Debug|Any CPU
		{96A2E746-40DB-4277-8825-33C7A05F78C8}.Debug|x64.ActiveCfg = Debug|Any CPU
		{96A2E746-40DB-4277-8825-33C7A05F78C8}.Debug|x64.Build.0 = Debug|Any CPU
		{96A2E746-40DB-4277-8825-33C7A05F78C8}.Debug|x86.ActiveCfg = Debug|Any CPU
		{96A2E746-40DB-4277-8825-33C7A05F78C8}.Debug|x86.Build.0 = Debug|Any CPU
		{96A2E746-40DB-4277-8825-33C7A05F78C8}.Release|Any CPU.ActiveCfg = Release|Any CPU
		{96A2E746-40DB-4277-8825-33C7A05F78C8}.Release|Any CPU.Build.0 = Release|Any CPU
		{96A2E746-40DB-4277-8825-33C7A05F78C8}.Release|x64.ActiveCfg = Release|Any CPU
		{96A2E746-40DB-4277-8825-33C7A05F78C8}.Release|x64.Build.0 = Release|Any CPU
		{96A2E746-40DB-4277-8825-33C7A05F78C8}.Release|x86.ActiveCfg = Release|Any CPU
		{96A2E746-40DB-4277-8825-33C7A05F78C8}.Release|x86.Build.0 = Release|Any CPU
		{07C82F18-1196-463E-A7EE-E07046C79D32}.Debug|Any CPU.ActiveCfg = Debug|Any CPU
		{07C82F18-1196-463E-A7EE-E07046C79D32}.Debug|Any CPU.Build.0 = Debug|Any CPU
		{07C82F18-1196-463E-A7EE-E07046C79D32}.Debug|x64.ActiveCfg = Debug|Any CPU
		{07C82F18-1196-463E-A7EE-E07046C79D32}.Debug|x64.Build.0 = Debug|Any CPU
		{07C82F18-1196-463E-A7EE-E07046C79D32}.Debug|x86.ActiveCfg = Debug|Any CPU
		{07C82F18-1196-463E-A7EE-E07046C79D32}.Debug|x86.Build.0 = Debug|Any CPU
		{07C82F18-1196-463E-A7EE-E07046C79D32}.Release|Any CPU.ActiveCfg = Release|Any CPU
		{07C82F18-1196-463E-A7EE-E07046C79D32}.Release|Any CPU.Build.0 = Release|Any CPU
		{07C82F18-1196-463E-A7EE-E07046C79D32}.Release|x64.ActiveCfg = Release|Any CPU
		{07C82F18-1196-463E-A7EE-E07046C79D32}.Release|x64.Build.0 = Release|Any CPU
		{07C82F18-1196-463E-A7EE-E07046C79D32}.Release|x86.ActiveCfg = Release|Any CPU
		{07C82F18-1196-463E-A7EE-E07046C79D32}.Release|x86.Build.0 = Release|Any CPU
	EndGlobalSection
	GlobalSection(SolutionProperties) = preSolution
		HideSolutionNode = FALSE
	EndGlobalSection
	GlobalSection(NestedProjects) = preSolution
		{2EED9141-30F2-4C4B-88BD-3F8E2301DE3C} = {895EA267-8361-4370-A7FD-505CF320EA03}
		{98BBEA46-B506-4584-BC8F-DEBDD4227E90} = {6EED4B71-8E77-4A7E-8AA3-F2FEC1394F1A}
		{EE3FC0EC-3588-4E4E-843E-2F45E5CD1E9F} = {0F4502A5-A543-493B-A4CE-88E2D3849407}
		{77817F7D-B2AA-4030-B894-A229C5653523} = {0F4502A5-A543-493B-A4CE-88E2D3849407}
		{0C03B197-56C1-4ED9-9944-6DE01B9EEAB4} = {67FF218E-44C4-4046-B328-8647B0A3E902}
		{2FB62BA0-7CCF-4BBD-9F2E-61AD7CE3F4EA} = {67FF218E-44C4-4046-B328-8647B0A3E902}
		{96A2E746-40DB-4277-8825-33C7A05F78C8} = {371BE445-E62A-40AC-AF6A-CD16779EFD41}
		{07C82F18-1196-463E-A7EE-E07046C79D32} = {371BE445-E62A-40AC-AF6A-CD16779EFD41}
	EndGlobalSection
	GlobalSection(ExtensibilityGlobals) = postSolution
		SolutionGuid = {E1233A5B-6F9A-4478-AE65-1BA1EFCC8477}
	EndGlobalSection
EndGlobal
