
Microsoft Visual Studio Solution File, Format Version 12.00
# Visual Studio Version 16
VisualStudioVersion = 16.0.31321.278
MinimumVisualStudioVersion = 10.0.40219.1
Project("{9A19103F-16F7-4668-BE54-9A1E7A4F7556}") = "x86opcodes", "x86opcodes.csproj", "{FC5DF8B3-0CE6-4CBA-B68D-DB2EC739465E}"
EndProject
Global
	GlobalSection(SolutionConfigurationPlatforms) = preSolution
		Debug|Any CPU = Debug|Any CPU
		Release|Any CPU = Release|Any CPU
	EndGlobalSection
	GlobalSection(ProjectConfigurationPlatforms) = postSolution
		{FC5DF8B3-0CE6-4CBA-B68D-DB2EC739465E}.Debug|Any CPU.ActiveCfg = Debug|Any CPU
		{FC5DF8B3-0CE6-4CBA-B68D-DB2EC739465E}.Debug|Any CPU.Build.0 = Debug|Any CPU
		{FC5DF8B3-0CE6-4CBA-B68D-DB2EC739465E}.Release|Any CPU.ActiveCfg = Release|Any CPU
		{FC5DF8B3-0CE6-4CBA-B68D-DB2EC739465E}.Release|Any CPU.Build.0 = Release|Any CPU
	EndGlobalSection
	GlobalSection(SolutionProperties) = preSolution
		HideSolutionNode = FALSE
	EndGlobalSection
	GlobalSection(ExtensibilityGlobals) = postSolution
		SolutionGuid = {2B9AFFE4-2EF3-4FC9-BE39-6F4A6C7A73C3}
	EndGlobalSection
EndGlobal
