
Microsoft Visual Studio Solution File, Format Version 12.00
# Visual Studio Version 16
VisualStudioVersion = 16.0.31229.75
MinimumVisualStudioVersion = 10.0.40219.1
Project("{2150E333-8FDC-42A3-9474-1A3956D46DE8}") = "Solution Items", "Solution Items", "{428D456F-4E85-4F4C-A9EA-AD519175619A}"
EndProject
Project("{9A19103F-16F7-4668-BE54-9A1E7A4F7556}") = "UnitTests", "UnitTests\UnitTests.csproj", "{89E0288C-929D-447F-84DD-9CFF28A3CDA2}"
EndProject
Project("{9A19103F-16F7-4668-BE54-9A1E7A4F7556}") = "parallel-scan", "Scanner\parallel-scan.csproj", "{8613995B-4A2B-4C1A-86C0-F76D89AF6123}"
EndProject
Global
	GlobalSection(SolutionConfigurationPlatforms) = preSolution
		Debug|Any CPU = Debug|Any CPU
		Release|Any CPU = Release|Any CPU
	EndGlobalSection
	GlobalSection(ProjectConfigurationPlatforms) = postSolution
		{89E0288C-929D-447F-84DD-9CFF28A3CDA2}.Debug|Any CPU.ActiveCfg = Debug|Any CPU
		{89E0288C-929D-447F-84DD-9CFF28A3CDA2}.Debug|Any CPU.Build.0 = Debug|Any CPU
		{89E0288C-929D-447F-84DD-9CFF28A3CDA2}.Release|Any CPU.ActiveCfg = Release|Any CPU
		{89E0288C-929D-447F-84DD-9CFF28A3CDA2}.Release|Any CPU.Build.0 = Release|Any CPU
		{8613995B-4A2B-4C1A-86C0-F76D89AF6123}.Debug|Any CPU.ActiveCfg = Debug|Any CPU
		{8613995B-4A2B-4C1A-86C0-F76D89AF6123}.Debug|Any CPU.Build.0 = Debug|Any CPU
		{8613995B-4A2B-4C1A-86C0-F76D89AF6123}.Release|Any CPU.ActiveCfg = Release|Any CPU
		{8613995B-4A2B-4C1A-86C0-F76D89AF6123}.Release|Any CPU.Build.0 = Release|Any CPU
	EndGlobalSection
	GlobalSection(SolutionProperties) = preSolution
		HideSolutionNode = FALSE
	EndGlobalSection
	GlobalSection(ExtensibilityGlobals) = postSolution
		SolutionGuid = {6BF73B8C-71AF-4604-B8F3-4672E4F4DB59}
	EndGlobalSection
EndGlobal
