
Microsoft Visual Studio Solution File, Format Version 12.00
# Visual Studio 15
VisualStudioVersion = 15.0.28307.102
MinimumVisualStudioVersion = 10.0.40219.1
Project("{FAE04EC0-301F-11D3-BF4B-00C04F79EFBC}") = "batch", "batch\batch.csproj", "{2EED9141-30F2-4C4B-88BD-3F8E2301DE3C}"
EndProject
Global
	GlobalSection(SolutionConfigurationPlatforms) = preSolution
		Debug|Any CPU = Debug|Any CPU
		Release|Any CPU = Release|Any CPU
	EndGlobalSection
	GlobalSection(ProjectConfigurationPlatforms) = postSolution
		{2EED9141-30F2-4C4B-88BD-3F8E2301DE3C}.Debug|Any CPU.ActiveCfg = Debug|Any CPU
		{2EED9141-30F2-4C4B-88BD-3F8E2301DE3C}.Debug|Any CPU.Build.0 = Debug|Any CPU
		{2EED9141-30F2-4C4B-88BD-3F8E2301DE3C}.Release|Any CPU.ActiveCfg = Release|Any CPU
		{2EED9141-30F2-4C4B-88BD-3F8E2301DE3C}.Release|Any CPU.Build.0 = Release|Any CPU
	EndGlobalSection
	GlobalSection(SolutionProperties) = preSolution
		HideSolutionNode = FALSE
	EndGlobalSection
	GlobalSection(ExtensibilityGlobals) = postSolution
		SolutionGuid = {2B505BE2-F99F-41B8-8352-E24FF7916607}
	EndGlobalSection
EndGlobal
