
Microsoft Visual Studio Solution File, Format Version 12.00
# Visual Studio 15
VisualStudioVersion = 15.0.28307.102
MinimumVisualStudioVersion = 10.0.40219.1
Project("{FAE04EC0-301F-11D3-BF4B-00C04F79EFBC}") = "LLVMTestsConverter", "LLVMTestsConverter.csproj", "{7E9A293E-A73D-406B-B5EF-CED4EC1B9446}"
EndProject
Global
	GlobalSection(SolutionConfigurationPlatforms) = preSolution
		Debug|Any CPU = Debug|Any CPU
		Release|Any CPU = Release|Any CPU
	EndGlobalSection
	GlobalSection(ProjectConfigurationPlatforms) = postSolution
		{7E9A293E-A73D-406B-B5EF-CED4EC1B9446}.Debug|Any CPU.ActiveCfg = Debug|Any CPU
		{7E9A293E-A73D-406B-B5EF-CED4EC1B9446}.Debug|Any CPU.Build.0 = Debug|Any CPU
		{7E9A293E-A73D-406B-B5EF-CED4EC1B9446}.Release|Any CPU.ActiveCfg = Release|Any CPU
		{7E9A293E-A73D-406B-B5EF-CED4EC1B9446}.Release|Any CPU.Build.0 = Release|Any CPU
	EndGlobalSection
	GlobalSection(SolutionProperties) = preSolution
		HideSolutionNode = FALSE
	EndGlobalSection
	GlobalSection(ExtensibilityGlobals) = postSolution
		SolutionGuid = {521F67EC-96ED-4D98-9B8F-B411AB5C1DEF}
	EndGlobalSection
EndGlobal
